
Microsoft Visual Studio Solution File, Format Version 12.00
# Visual Studio Version 17
VisualStudioVersion = 17.4.33403.182
MinimumVisualStudioVersion = 10.0.40219.1
Project("{8BC9CEB8-8B4A-11D0-8D11-00A0C91BC942}") = "ConsoleApplication12", "ConsoleApplication12\ConsoleApplication12.vcxproj", "{4A7BE646-28D1-44E3-BF02-D1646BB74ECD}"
EndProject
Global
	GlobalSection(SolutionConfigurationPlatforms) = preSolution
		Debug|x64 = Debug|x64
		Debug|x86 = Debug|x86
		Release|x64 = Release|x64
		Release|x86 = Release|x86
	EndGlobalSection
	GlobalSection(ProjectConfigurationPlatforms) = postSolution
		{4A7BE646-28D1-44E3-BF02-D1646BB74ECD}.Debug|x64.ActiveCfg = Debug|x64
		{4A7BE646-28D1-44E3-BF02-D1646BB74ECD}.Debug|x64.Build.0 = Debug|x64
		{4A7BE646-28D1-44E3-BF02-D1646BB74ECD}.Debug|x86.ActiveCfg = Debug|Win32
		{4A7BE646-28D1-44E3-BF02-D1646BB74ECD}.Debug|x86.Build.0 = Debug|Win32
		{4A7BE646-28D1-44E3-BF02-D1646BB74ECD}.Release|x64.ActiveCfg = Release|x64
		{4A7BE646-28D1-44E3-BF02-D1646BB74ECD}.Release|x64.Build.0 = Release|x64
		{4A7BE646-28D1-44E3-BF02-D1646BB74ECD}.Release|x86.ActiveCfg = Release|Win32
		{4A7BE646-28D1-44E3-BF02-D1646BB74ECD}.Release|x86.Build.0 = Release|Win32
	EndGlobalSection
	GlobalSection(SolutionProperties) = preSolution
		HideSolutionNode = FALSE
	EndGlobalSection
	GlobalSection(ExtensibilityGlobals) = postSolution
		SolutionGuid = {B849F917-1362-4D09-922F-91570A8579C3}
	EndGlobalSection
EndGlobal
